
Microsoft Visual Studio Solution File, Format Version 12.00
# Visual Studio Version 16
VisualStudioVersion = 16.0.31205.134
MinimumVisualStudioVersion = 10.0.40219.1
Project("{FAE04EC0-301F-11D3-BF4B-00C04F79EFBC}") = "KeywordTracker", "KeywordTracker\KeywordTracker.csproj", "{404F4C17-6DEC-4B93-AF37-2A7E1A8D3FA0}"
EndProject
Global
	GlobalSection(SolutionConfigurationPlatforms) = preSolution
		Debug|Any CPU = Debug|Any CPU
		Release|Any CPU = Release|Any CPU
	EndGlobalSection
	GlobalSection(ProjectConfigurationPlatforms) = postSolution
		{404F4C17-6DEC-4B93-AF37-2A7E1A8D3FA0}.Debug|Any CPU.ActiveCfg = Debug|Any CPU
		{404F4C17-6DEC-4B93-AF37-2A7E1A8D3FA0}.Debug|Any CPU.Build.0 = Debug|Any CPU
		{404F4C17-6DEC-4B93-AF37-2A7E1A8D3FA0}.Release|Any CPU.ActiveCfg = Release|Any CPU
		{404F4C17-6DEC-4B93-AF37-2A7E1A8D3FA0}.Release|Any CPU.Build.0 = Release|Any CPU
	EndGlobalSection
	GlobalSection(SolutionProperties) = preSolution
		HideSolutionNode = FALSE
	EndGlobalSection
	GlobalSection(ExtensibilityGlobals) = postSolution
		SolutionGuid = {2F37787E-4B19-4757-A95F-459DFE3DEEBA}
	EndGlobalSection
EndGlobal
